
Microsoft Visual Studio Solution File, Format Version 12.00
# Visual Studio 14
VisualStudioVersion = 14.0.23107.0
MinimumVisualStudioVersion = 10.0.40219.1
Project("{FAE04EC0-301F-11D3-BF4B-00C04F79EFBC}") = "jQueryMVC", "jQueryMVC\jQueryMVC.csproj", "{1C7A572A-EB20-4A3B-B5BD-E72301FB64BC}"
EndProject
Global
	GlobalSection(SolutionConfigurationPlatforms) = preSolution
		Debug|Any CPU = Debug|Any CPU
		Release|Any CPU = Release|Any CPU
	EndGlobalSection
	GlobalSection(ProjectConfigurationPlatforms) = postSolution
		{1C7A572A-EB20-4A3B-B5BD-E72301FB64BC}.Debug|Any CPU.ActiveCfg = Debug|Any CPU
		{1C7A572A-EB20-4A3B-B5BD-E72301FB64BC}.Debug|Any CPU.Build.0 = Debug|Any CPU
		{1C7A572A-EB20-4A3B-B5BD-E72301FB64BC}.Release|Any CPU.ActiveCfg = Release|Any CPU
		{1C7A572A-EB20-4A3B-B5BD-E72301FB64BC}.Release|Any CPU.Build.0 = Release|Any CPU
	EndGlobalSection
	GlobalSection(SolutionProperties) = preSolution
		HideSolutionNode = FALSE
	EndGlobalSection
EndGlobal
