
Microsoft Visual Studio Solution File, Format Version 12.00
# Visual Studio 14
VisualStudioVersion = 14.0.23107.0
MinimumVisualStudioVersion = 10.0.40219.1
Project("{FAE04EC0-301F-11D3-BF4B-00C04F79EFBC}") = "CarDealership.Data", "CarDealership.Data\CarDealership.Data.csproj", "{030C8313-C98F-4B57-BB69-BC87AB7C29BB}"
EndProject
Project("{FAE04EC0-301F-11D3-BF4B-00C04F79EFBC}") = "CarDealership.Tests", "CarDealership.Tests\CarDealership.Tests.csproj", "{A8543973-A4B3-4969-AEB3-16630CC49B8E}"
EndProject
Project("{FAE04EC0-301F-11D3-BF4B-00C04F79EFBC}") = "CarDealership.Models", "CarDealership.Models\CarDealership.Models.csproj", "{CBA51568-262E-4DAA-897F-D3652DD67047}"
EndProject
Project("{FAE04EC0-301F-11D3-BF4B-00C04F79EFBC}") = "CarDealership.UI", "CarDealership.UI\CarDealership.UI.csproj", "{B16A81AE-5B6A-4970-AB4A-2D0923B218B8}"
EndProject
Project("{FAE04EC0-301F-11D3-BF4B-00C04F79EFBC}") = "CarDealership.BLL", "CarDealership.BLL\CarDealership.BLL.csproj", "{AA58C73B-75D4-4D22-BDB1-62C97054A3B2}"
EndProject
Global
	GlobalSection(SolutionConfigurationPlatforms) = preSolution
		Debug|Any CPU = Debug|Any CPU
		Release|Any CPU = Release|Any CPU
	EndGlobalSection
	GlobalSection(ProjectConfigurationPlatforms) = postSolution
		{030C8313-C98F-4B57-BB69-BC87AB7C29BB}.Debug|Any CPU.ActiveCfg = Debug|Any CPU
		{030C8313-C98F-4B57-BB69-BC87AB7C29BB}.Debug|Any CPU.Build.0 = Debug|Any CPU
		{030C8313-C98F-4B57-BB69-BC87AB7C29BB}.Release|Any CPU.ActiveCfg = Release|Any CPU
		{030C8313-C98F-4B57-BB69-BC87AB7C29BB}.Release|Any CPU.Build.0 = Release|Any CPU
		{A8543973-A4B3-4969-AEB3-16630CC49B8E}.Debug|Any CPU.ActiveCfg = Debug|Any CPU
		{A8543973-A4B3-4969-AEB3-16630CC49B8E}.Debug|Any CPU.Build.0 = Debug|Any CPU
		{A8543973-A4B3-4969-AEB3-16630CC49B8E}.Release|Any CPU.ActiveCfg = Release|Any CPU
		{A8543973-A4B3-4969-AEB3-16630CC49B8E}.Release|Any CPU.Build.0 = Release|Any CPU
		{CBA51568-262E-4DAA-897F-D3652DD67047}.Debug|Any CPU.ActiveCfg = Debug|Any CPU
		{CBA51568-262E-4DAA-897F-D3652DD67047}.Debug|Any CPU.Build.0 = Debug|Any CPU
		{CBA51568-262E-4DAA-897F-D3652DD67047}.Release|Any CPU.ActiveCfg = Release|Any CPU
		{CBA51568-262E-4DAA-897F-D3652DD67047}.Release|Any CPU.Build.0 = Release|Any CPU
		{B16A81AE-5B6A-4970-AB4A-2D0923B218B8}.Debug|Any CPU.ActiveCfg = Debug|Any CPU
		{B16A81AE-5B6A-4970-AB4A-2D0923B218B8}.Debug|Any CPU.Build.0 = Debug|Any CPU
		{B16A81AE-5B6A-4970-AB4A-2D0923B218B8}.Release|Any CPU.ActiveCfg = Release|Any CPU
		{B16A81AE-5B6A-4970-AB4A-2D0923B218B8}.Release|Any CPU.Build.0 = Release|Any CPU
		{AA58C73B-75D4-4D22-BDB1-62C97054A3B2}.Debug|Any CPU.ActiveCfg = Debug|Any CPU
		{AA58C73B-75D4-4D22-BDB1-62C97054A3B2}.Debug|Any CPU.Build.0 = Debug|Any CPU
		{AA58C73B-75D4-4D22-BDB1-62C97054A3B2}.Release|Any CPU.ActiveCfg = Release|Any CPU
		{AA58C73B-75D4-4D22-BDB1-62C97054A3B2}.Release|Any CPU.Build.0 = Release|Any CPU
	EndGlobalSection
	GlobalSection(SolutionProperties) = preSolution
		HideSolutionNode = FALSE
	EndGlobalSection
EndGlobal
