
Microsoft Visual Studio Solution File, Format Version 12.00
# Visual Studio 2012
Project("{FAE04EC0-301F-11D3-BF4B-00C04F79EFBC}") = "DataReaderToClassExample", "DataReaderToClassExample\DataReaderToClassExample.csproj", "{C77B3B6E-EA3D-4500-9B20-5FB362AC2F41}"
EndProject
Project("{FAE04EC0-301F-11D3-BF4B-00C04F79EFBC}") = "Northwind.DataLayer", "Northwind.DataLayer\Northwind.DataLayer.csproj", "{F15466A0-3502-4D52-A327-48EC0BA3A3B2}"
EndProject
Global
	GlobalSection(SolutionConfigurationPlatforms) = preSolution
		Debug|Any CPU = Debug|Any CPU
		Release|Any CPU = Release|Any CPU
	EndGlobalSection
	GlobalSection(ProjectConfigurationPlatforms) = postSolution
		{C77B3B6E-EA3D-4500-9B20-5FB362AC2F41}.Debug|Any CPU.ActiveCfg = Debug|Any CPU
		{C77B3B6E-EA3D-4500-9B20-5FB362AC2F41}.Debug|Any CPU.Build.0 = Debug|Any CPU
		{C77B3B6E-EA3D-4500-9B20-5FB362AC2F41}.Release|Any CPU.ActiveCfg = Release|Any CPU
		{C77B3B6E-EA3D-4500-9B20-5FB362AC2F41}.Release|Any CPU.Build.0 = Release|Any CPU
		{F15466A0-3502-4D52-A327-48EC0BA3A3B2}.Debug|Any CPU.ActiveCfg = Debug|Any CPU
		{F15466A0-3502-4D52-A327-48EC0BA3A3B2}.Debug|Any CPU.Build.0 = Debug|Any CPU
		{F15466A0-3502-4D52-A327-48EC0BA3A3B2}.Release|Any CPU.ActiveCfg = Release|Any CPU
		{F15466A0-3502-4D52-A327-48EC0BA3A3B2}.Release|Any CPU.Build.0 = Release|Any CPU
	EndGlobalSection
	GlobalSection(SolutionProperties) = preSolution
		HideSolutionNode = FALSE
	EndGlobalSection
EndGlobal
